
Microsoft Visual Studio Solution File, Format Version 12.00
# Visual Studio 15
VisualStudioVersion = 15.0.28307.779
MinimumVisualStudioVersion = 10.0.40219.1
Project("{F184B08F-C81C-45F6-A57F-5ABD9991F28F}") = "Scraper", "Scraper\Scraper.vbproj", "{2FF18BE0-3F9A-4FB8-80BD-DC44BFC5A5D7}"
EndProject
Global
	GlobalSection(SolutionConfigurationPlatforms) = preSolution
		Debug|Any CPU = Debug|Any CPU
		Release|Any CPU = Release|Any CPU
	EndGlobalSection
	GlobalSection(ProjectConfigurationPlatforms) = postSolution
		{2FF18BE0-3F9A-4FB8-80BD-DC44BFC5A5D7}.Debug|Any CPU.ActiveCfg = Debug|Any CPU
		{2FF18BE0-3F9A-4FB8-80BD-DC44BFC5A5D7}.Debug|Any CPU.Build.0 = Debug|Any CPU
		{2FF18BE0-3F9A-4FB8-80BD-DC44BFC5A5D7}.Release|Any CPU.ActiveCfg = Release|Any CPU
		{2FF18BE0-3F9A-4FB8-80BD-DC44BFC5A5D7}.Release|Any CPU.Build.0 = Release|Any CPU
	EndGlobalSection
	GlobalSection(SolutionProperties) = preSolution
		HideSolutionNode = FALSE
	EndGlobalSection
	GlobalSection(ExtensibilityGlobals) = postSolution
		SolutionGuid = {A488C75F-F184-4446-A234-525E1499E34C}
	EndGlobalSection
EndGlobal
